{
  "lockfileVersion": 1,
  "workspaces": {
    "": {
      "name": "bsc",
      "dependencies": {
        "balk": "^0.1.1",
        "commander": "^12.1.0",
        "oxc-parser": "^0.81.0",
        "oxc-transform": "^0.81.0",
        "oxlint": "^1.10.0",
      },
      "devDependencies": {
        "@types/bun": "latest",
        "@types/node": "^22.10.5",
      },
      "peerDependencies": {
        "typescript": "^5",
      },
    },
  },
  "packages": {
    "@emnapi/core": ["@emnapi/core@1.4.5", "", { "dependencies": { "@emnapi/wasi-threads": "1.0.4", "tslib": "^2.4.0" } }, "sha512-XsLw1dEOpkSX/WucdqUhPWP7hDxSvZiY+fsUC14h+FtQ2Ifni4znbBt8punRX+Uj2JG/uDb8nEHVKvrVlvdZ5Q=="],

    "@emnapi/runtime": ["@emnapi/runtime@1.4.5", "", { "dependencies": { "tslib": "^2.4.0" } }, "sha512-++LApOtY0pEEz1zrd9vy1/zXVaVJJ/EbAF3u0fXIzPJEDtnITsBGbbK0EkM72amhl/R5b+5xx0Y/QhcVOpuulg=="],

    "@emnapi/wasi-threads": ["@emnapi/wasi-threads@1.0.4", "", { "dependencies": { "tslib": "^2.4.0" } }, "sha512-PJR+bOmMOPH8AtcTGAyYNiuJ3/Fcoj2XN/gBEWzDIKh254XO+mM9XoXHk5GNEhodxeMznbg7BlRojVbKN+gC6g=="],

    "@napi-rs/wasm-runtime": ["@napi-rs/wasm-runtime@1.0.1", "", { "dependencies": { "@emnapi/core": "^1.4.5", "@emnapi/runtime": "^1.4.5", "@tybys/wasm-util": "^0.10.0" } }, "sha512-KVlQ/jgywZpixGCKMNwxStmmbYEMyokZpCf2YuIChhfJA2uqfAKNEM8INz7zzTo55iEXfBhIIs3VqYyqzDLj8g=="],

    "@oxc-parser/binding-android-arm64": ["@oxc-parser/binding-android-arm64@0.81.0", "", { "os": "android", "cpu": "arm64" }, "sha512-nGcfHGLkpy2R4Dm1TcpDDifVIZ0q50pvFkHgcbqLpdtbyM9NDlQp1SIgRdGtKPUXAVJz3LDV8hLYvCss8Bb5wg=="],

    "@oxc-parser/binding-darwin-arm64": ["@oxc-parser/binding-darwin-arm64@0.81.0", "", { "os": "darwin", "cpu": "arm64" }, "sha512-Xl0sB6UcAbU36d1nUs/JfPnihq0JD62xP7sFa/pML+ksxcwAEMMGzifOxNyQkInDzFp+Ql63GD7iJGbavPc5/w=="],

    "@oxc-parser/binding-darwin-x64": ["@oxc-parser/binding-darwin-x64@0.81.0", "", { "os": "darwin", "cpu": "x64" }, "sha512-OyHZuZjHBnZ6SOXe8fDD3i0Vf+Q0oVuaaWu2+ZtxRYDcIDTG67uMN6tg+JkCkYU7elMEJp+Tgw38uEPQWnt3eg=="],

    "@oxc-parser/binding-freebsd-x64": ["@oxc-parser/binding-freebsd-x64@0.81.0", "", { "os": "freebsd", "cpu": "x64" }, "sha512-FLkXVaHT3PQSHEZkSB99s3Bz/E03tXu2jvspmwu34tlmLaEk3dqoAvYS/uZcBtetGXa3Y48sW/rtBwW6jE811w=="],

    "@oxc-parser/binding-linux-arm-gnueabihf": ["@oxc-parser/binding-linux-arm-gnueabihf@0.81.0", "", { "os": "linux", "cpu": "arm" }, "sha512-c4IXIYDmzMeuYaTtyWl9fj7L90BAN7KZ3eKKDWnmB+ekZd1QduKT8MJiLfv7/pSecxQFwzMTpZ0el++ccRprTQ=="],

    "@oxc-parser/binding-linux-arm-musleabihf": ["@oxc-parser/binding-linux-arm-musleabihf@0.81.0", "", { "os": "linux", "cpu": "arm" }, "sha512-Jahl5EPtdF3z8Lv8/ErCgy5tF+324nPAaFxFC+xFjOE2NdS9e8IMeWR/WbkO5pOSueEGq76GrjOX9uj9SsKqCw=="],

    "@oxc-parser/binding-linux-arm64-gnu": ["@oxc-parser/binding-linux-arm64-gnu@0.81.0", "", { "os": "linux", "cpu": "arm64" }, "sha512-ufLjqUhcMMyIOzvI7BeRGWyhS5bBsuu2Mkks2wBVlpcs9dFbtlnvKv8SToiM/TTP/DFRu9SrKMVUyD0cuKVlcw=="],

    "@oxc-parser/binding-linux-arm64-musl": ["@oxc-parser/binding-linux-arm64-musl@0.81.0", "", { "os": "linux", "cpu": "arm64" }, "sha512-U4pce3jsMe1s8/BLrCJPqNFdm8IJRhk9Mwf0qw4D6KLa14LT/j32b7kASnFxpy+U0X8ywHGsir8nwPEcWsvrzA=="],

    "@oxc-parser/binding-linux-riscv64-gnu": ["@oxc-parser/binding-linux-riscv64-gnu@0.81.0", "", { "os": "linux", "cpu": "none" }, "sha512-AjjSbkoy0oHQaGMsLg7O+gY/Vbx12K7IWbxheDO1BNL0eIwiL3xRrhKdTtaHU1KcHm2/asTtwYdndAzXQX5Jyw=="],

    "@oxc-parser/binding-linux-s390x-gnu": ["@oxc-parser/binding-linux-s390x-gnu@0.81.0", "", { "os": "linux", "cpu": "s390x" }, "sha512-Dx4tOdUekDMa3k18MjogWLy+b9z3RmLBf4OUSwJs5iGkr/nc7kph/N8IPI4thVw4KbhEPZOq6SKUp7Q6FhPRzA=="],

    "@oxc-parser/binding-linux-x64-gnu": ["@oxc-parser/binding-linux-x64-gnu@0.81.0", "", { "os": "linux", "cpu": "x64" }, "sha512-B4RwYZqmgZJg2AV3YWR8/zyjg2t/2GwEIdd5WS4NkDxX9NzHNv1tz1uwGurPyFskO9/S0PoXDFGeESCI5GrkuA=="],

    "@oxc-parser/binding-linux-x64-musl": ["@oxc-parser/binding-linux-x64-musl@0.81.0", "", { "os": "linux", "cpu": "x64" }, "sha512-VvZlPOG03uKRYPgynVcIvR42ygNRo4kiLKaoKWdpQESSfc1uRD6fNQI5V/O9dAfEmZuTM9dhpgszr9McCeRK6A=="],

    "@oxc-parser/binding-wasm32-wasi": ["@oxc-parser/binding-wasm32-wasi@0.81.0", "", { "dependencies": { "@napi-rs/wasm-runtime": "^1.0.1" }, "cpu": "none" }, "sha512-uGGqDuiO9JKWq5CiNDToZJPTQx6zqp0Wlj5zsKlKuN7AslvhdyzITCAyY+mtRcNEPl+k7j5uR7aIWFFhGuqycA=="],

    "@oxc-parser/binding-win32-arm64-msvc": ["@oxc-parser/binding-win32-arm64-msvc@0.81.0", "", { "os": "win32", "cpu": "arm64" }, "sha512-rWL3ieNa8nNk4XHRQ58Hrt249UanJhmzsuBOei3l5xmMleTAnTsvUxKMK4eiFw4Cdku7C5C5VJFgq7+9yPwn8Q=="],

    "@oxc-parser/binding-win32-x64-msvc": ["@oxc-parser/binding-win32-x64-msvc@0.81.0", "", { "os": "win32", "cpu": "x64" }, "sha512-XZCXKi5SW4ekpIY6O4yDZJHiLeVCJgvr6aT+vyQbNMlSEXKOieFTUZPsp9QiohvkXZE60ZEUqX3TP+8z9A7RRQ=="],

    "@oxc-project/types": ["@oxc-project/types@0.81.0", "", {}, "sha512-CnOqkybZK8z6Gx7Wb1qF7AEnSzbol1WwcIzxYOr8e91LytGOjo0wCpgoYWZo8sdbpqX+X+TJayIzo4Pv0R/KjA=="],

    "@oxc-transform/binding-android-arm64": ["@oxc-transform/binding-android-arm64@0.81.0", "", { "os": "android", "cpu": "arm64" }, "sha512-Lli18mT/TaUsQSXL7Q08xatbOySqKhruNpI/mGvSbIHXX7TfznNbQ/zbzNftKa4tvbJnDUXz7SV9JO1wXOoYSw=="],

    "@oxc-transform/binding-darwin-arm64": ["@oxc-transform/binding-darwin-arm64@0.81.0", "", { "os": "darwin", "cpu": "arm64" }, "sha512-EseJY9FQa1Ipow4quJ36i+1C5oEbrwJ3eKGZPw48/H5/5S+JFMHwPaE3NOF/aSLw8lkH6ghY6qKWanal2Jh8bA=="],

    "@oxc-transform/binding-darwin-x64": ["@oxc-transform/binding-darwin-x64@0.81.0", "", { "os": "darwin", "cpu": "x64" }, "sha512-L12EE6d/TveVsPKAaqqgW5IAA3xCh64RmsmJwxIJ7fBrnUg0qHfqENcxLfaFDwjDQe5mrZczuSYfOCwhoKWZdA=="],

    "@oxc-transform/binding-freebsd-x64": ["@oxc-transform/binding-freebsd-x64@0.81.0", "", { "os": "freebsd", "cpu": "x64" }, "sha512-l1LbYOq+q6VVI+lIMFd+ehkqLokMj2Zjeyza4PSMzAfXYeaIFHDGiQBn1KE+IXMNN/E4Dwj6b3LwtvdB/uLpeQ=="],

    "@oxc-transform/binding-linux-arm-gnueabihf": ["@oxc-transform/binding-linux-arm-gnueabihf@0.81.0", "", { "os": "linux", "cpu": "arm" }, "sha512-8xmYvtpi1GDvsp5nmvnKyjceHLyxLIn2Esolm7GFTGrLxmcPo+ZUn2huAZCuOzSbjAqNRV/nU8At/2N93tLphg=="],

    "@oxc-transform/binding-linux-arm-musleabihf": ["@oxc-transform/binding-linux-arm-musleabihf@0.81.0", "", { "os": "linux", "cpu": "arm" }, "sha512-YaLHLoaWVyI458zaF3yEBKq2YIoYFftmnEHJ7mvbYwhfvH6SDwQez2TnjZEoB/UD+LX9XQfiIfX6VP35RAPHUQ=="],

    "@oxc-transform/binding-linux-arm64-gnu": ["@oxc-transform/binding-linux-arm64-gnu@0.81.0", "", { "os": "linux", "cpu": "arm64" }, "sha512-jFTlu6KrTq/z9z/HfdsntxQz6lmrIyIOXC3iZVxyoz2MDulXHhYotKypRqBPPyblyKeMbX1BCPwwKiIyYfiXMQ=="],

    "@oxc-transform/binding-linux-arm64-musl": ["@oxc-transform/binding-linux-arm64-musl@0.81.0", "", { "os": "linux", "cpu": "arm64" }, "sha512-Tk0fOSFxYN/CH2yZLF1Cy8rKHboW7OMubGULd9HUh3Mdi25yBngmc3sOdcLscLvBvutqgdSNn7e/gdPaodDlmw=="],

    "@oxc-transform/binding-linux-riscv64-gnu": ["@oxc-transform/binding-linux-riscv64-gnu@0.81.0", "", { "os": "linux", "cpu": "none" }, "sha512-8JWsRm8tR0DDLb+1UuZM/E46MscCGlklH5hMpKQpF2cH6NzED7184S7yMmamoIIuMQEGF6coOAToukoW0ItSzQ=="],

    "@oxc-transform/binding-linux-s390x-gnu": ["@oxc-transform/binding-linux-s390x-gnu@0.81.0", "", { "os": "linux", "cpu": "s390x" }, "sha512-Tb08GTZR0inR0hMXoP7MQx4G5YCTObJ8GEbBHKWMtL71RJhJGnJIn63DY3uvfPbi1XNW7uSJSzQ0mWMzelPAgg=="],

    "@oxc-transform/binding-linux-x64-gnu": ["@oxc-transform/binding-linux-x64-gnu@0.81.0", "", { "os": "linux", "cpu": "x64" }, "sha512-RalVuZu/iDzGJeQpyQ3KaJLsD11kvb/SLqKt0MXMkq2lBfIB4A1Pdx4JL0RuvcqjLPEgEWq8GcAPiyVeTYEtVQ=="],

    "@oxc-transform/binding-linux-x64-musl": ["@oxc-transform/binding-linux-x64-musl@0.81.0", "", { "os": "linux", "cpu": "x64" }, "sha512-EdbKDZ4gA5jD5YKT15HgYMCcoHGYEqO5oFGn6uREWvc4BcJ6cDrK9oyttT5CO6Y35tgnSQElHVKDWXyTMIbQlA=="],

    "@oxc-transform/binding-wasm32-wasi": ["@oxc-transform/binding-wasm32-wasi@0.81.0", "", { "dependencies": { "@napi-rs/wasm-runtime": "^1.0.1" }, "cpu": "none" }, "sha512-NCAj6b7fQvxM9U3UkbfFxelx458w8t7CnyRNvxlFpQjESCaYZ6hUzxHL57TGKUq6P7jKt6xjDdoFnVwZ36SR6w=="],

    "@oxc-transform/binding-win32-arm64-msvc": ["@oxc-transform/binding-win32-arm64-msvc@0.81.0", "", { "os": "win32", "cpu": "arm64" }, "sha512-zwZMMQAwfRM0uk5iMHf6q1fXG8qCcKU30qOhzdrxfO/rD+2Xz/ZfRTkGJzxG2cXAaJ3TRUzYdTr6YLxgGfTIbQ=="],

    "@oxc-transform/binding-win32-x64-msvc": ["@oxc-transform/binding-win32-x64-msvc@0.81.0", "", { "os": "win32", "cpu": "x64" }, "sha512-Y86Doj1eOkiY9Y+W51iJ3+/D9L+0eZ5Fl5AIQfQcHSGAjlF9geHeHxUsILZWEav12yuE/zeB5gO3AgJ801aJyQ=="],

    "@oxlint/darwin-arm64": ["@oxlint/darwin-arm64@1.10.0", "", { "os": "darwin", "cpu": "arm64" }, "sha512-4rlGtx7e3T2ELAZNinHqPHla+MhHZzsSCFKca4w9WlMlx8NsCSlkxftd4cHztd4iApoACU3nA3OZ9L/nCsn2Gw=="],

    "@oxlint/darwin-x64": ["@oxlint/darwin-x64@1.10.0", "", { "os": "darwin", "cpu": "x64" }, "sha512-NUcnMPGXSmYEjn88PKIj9JzXuf0R7UgUEUtgD73xbmCIemn7J9hcpB0C3Y/rciCJaS9IYhnlNef8j9BgJP5faA=="],

    "@oxlint/linux-arm64-gnu": ["@oxlint/linux-arm64-gnu@1.10.0", "", { "os": "linux", "cpu": "arm64" }, "sha512-lk3sn52txGRuZUvrJ5DuH1vzgFeesjDjDPXUXjzANx4OCFiWjf3WChdouhiP8RbaTi2UF53X5y5oceonP9smcQ=="],

    "@oxlint/linux-arm64-musl": ["@oxlint/linux-arm64-musl@1.10.0", "", { "os": "linux", "cpu": "arm64" }, "sha512-5bwCfCYS3dbsxa3MQLzq2sFZ0vGXpQNiu7LAU7CkgbsVmUl2vXOgAB2Qm0/Dw2JIWz9ZF47oF06nod48PEUVFw=="],

    "@oxlint/linux-x64-gnu": ["@oxlint/linux-x64-gnu@1.10.0", "", { "os": "linux", "cpu": "x64" }, "sha512-x8lWCTGqAsNWLO6OLJrpaeDZ27YV7fj7BPQm4967lh0BOVAeQFMHqGXP+lBTrWs9i1vzRfUmM7JaWOWd+TsiKw=="],

    "@oxlint/linux-x64-musl": ["@oxlint/linux-x64-musl@1.10.0", "", { "os": "linux", "cpu": "x64" }, "sha512-6u5uZMFL/yrA2rQsOxiWYoXiTYKLAVqaWYiXftPstUEfOGRJ1o1yDrN3AZ+40ucX9sntLGkc0Z9OrLHU/z1myA=="],

    "@oxlint/win32-arm64": ["@oxlint/win32-arm64@1.10.0", "", { "os": "win32", "cpu": "arm64" }, "sha512-mQ+zWZflyF67NjYcxQ24ID0JFb9LoHoYAcfgIXyI7N8TwWdTllDVv/+0fYTah3rxuHsLY/iCbjKvvqf5FNMeoQ=="],

    "@oxlint/win32-x64": ["@oxlint/win32-x64@1.10.0", "", { "os": "win32", "cpu": "x64" }, "sha512-LsUyvSNcz6rQG9a5DfIKFRhu7qvlUWkDCmFUe8HB9XksI7sDtiGdCWBEGSCAKkji1cYlGbqLFngccdv3bGPhxw=="],

    "@tybys/wasm-util": ["@tybys/wasm-util@0.10.0", "", { "dependencies": { "tslib": "^2.4.0" } }, "sha512-VyyPYFlOMNylG45GoAe0xDoLwWuowvf92F9kySqzYh8vmYm7D2u4iUJKa1tOUpS70Ku13ASrOkS4ScXFsTaCNQ=="],

    "@types/bun": ["@types/bun@1.2.19", "", { "dependencies": { "bun-types": "1.2.19" } }, "sha512-d9ZCmrH3CJ2uYKXQIUuZ/pUnTqIvLDS0SK7pFmbx8ma+ziH/FRMoAq5bYpRG7y+w1gl+HgyNZbtqgMq4W4e2Lg=="],

    "@types/node": ["@types/node@22.17.0", "", { "dependencies": { "undici-types": "~6.21.0" } }, "sha512-bbAKTCqX5aNVryi7qXVMi+OkB3w/OyblodicMbvE38blyAz7GxXf6XYhklokijuPwwVg9sDLKRxt0ZHXQwZVfQ=="],

    "@types/react": ["@types/react@19.1.9", "", { "dependencies": { "csstype": "^3.0.2" } }, "sha512-WmdoynAX8Stew/36uTSVMcLJJ1KRh6L3IZRx1PZ7qJtBqT3dYTgyDTx8H1qoRghErydW7xw9mSJ3wS//tCRpFA=="],

    "balk": ["balk@0.1.1", "", { "peerDependencies": { "typescript": "^5" } }, "sha512-xTzd/uqwYNhoasIsLB67pgM2B2uxnw2Wc53vVZGUV7f1A+Znq1ber3+0e/dCudEvhzhPIHc5xT6UhzTQyaB+HA=="],

    "bun-types": ["bun-types@1.2.19", "", { "dependencies": { "@types/node": "*" }, "peerDependencies": { "@types/react": "^19" } }, "sha512-uAOTaZSPuYsWIXRpj7o56Let0g/wjihKCkeRqUBhlLVM/Bt+Fj9xTo+LhC1OV1XDaGkz4hNC80et5xgy+9KTHQ=="],

    "commander": ["commander@12.1.0", "", {}, "sha512-Vw8qHK3bZM9y/P10u3Vib8o/DdkvA2OtPtZvD871QKjy74Wj1WSKFILMPRPSdUSx5RFK1arlJzEtA4PkFgnbuA=="],

    "csstype": ["csstype@3.1.3", "", {}, "sha512-M1uQkMl8rQK/szD0LNhtqxIPLpimGm8sOBwU7lLnCpSbTyY3yeU1Vc7l4KT5zT4s/yOxHH5O7tIuuLOCnLADRw=="],

    "oxc-parser": ["oxc-parser@0.81.0", "", { "dependencies": { "@oxc-project/types": "^0.81.0" }, "optionalDependencies": { "@oxc-parser/binding-android-arm64": "0.81.0", "@oxc-parser/binding-darwin-arm64": "0.81.0", "@oxc-parser/binding-darwin-x64": "0.81.0", "@oxc-parser/binding-freebsd-x64": "0.81.0", "@oxc-parser/binding-linux-arm-gnueabihf": "0.81.0", "@oxc-parser/binding-linux-arm-musleabihf": "0.81.0", "@oxc-parser/binding-linux-arm64-gnu": "0.81.0", "@oxc-parser/binding-linux-arm64-musl": "0.81.0", "@oxc-parser/binding-linux-riscv64-gnu": "0.81.0", "@oxc-parser/binding-linux-s390x-gnu": "0.81.0", "@oxc-parser/binding-linux-x64-gnu": "0.81.0", "@oxc-parser/binding-linux-x64-musl": "0.81.0", "@oxc-parser/binding-wasm32-wasi": "0.81.0", "@oxc-parser/binding-win32-arm64-msvc": "0.81.0", "@oxc-parser/binding-win32-x64-msvc": "0.81.0" } }, "sha512-iceu9s70mZyjKs6V2QX7TURkJj1crnKi9csGByWvOWwrR5rwq0U0f49yIlRAzMP4t7K2gRC1MnyMZggMhiwAVg=="],

    "oxc-transform": ["oxc-transform@0.81.0", "", { "optionalDependencies": { "@oxc-transform/binding-android-arm64": "0.81.0", "@oxc-transform/binding-darwin-arm64": "0.81.0", "@oxc-transform/binding-darwin-x64": "0.81.0", "@oxc-transform/binding-freebsd-x64": "0.81.0", "@oxc-transform/binding-linux-arm-gnueabihf": "0.81.0", "@oxc-transform/binding-linux-arm-musleabihf": "0.81.0", "@oxc-transform/binding-linux-arm64-gnu": "0.81.0", "@oxc-transform/binding-linux-arm64-musl": "0.81.0", "@oxc-transform/binding-linux-riscv64-gnu": "0.81.0", "@oxc-transform/binding-linux-s390x-gnu": "0.81.0", "@oxc-transform/binding-linux-x64-gnu": "0.81.0", "@oxc-transform/binding-linux-x64-musl": "0.81.0", "@oxc-transform/binding-wasm32-wasi": "0.81.0", "@oxc-transform/binding-win32-arm64-msvc": "0.81.0", "@oxc-transform/binding-win32-x64-msvc": "0.81.0" } }, "sha512-Sfb7sBZJoA7GPNlgeVvwqSS+fKFG5Lu2N4CJIlKPdkBgMDwVqUPOTVrEXHYaoYilA2x0VXVwLWqjcW3CwrfzSA=="],

    "oxlint": ["oxlint@1.10.0", "", { "optionalDependencies": { "@oxlint/darwin-arm64": "1.10.0", "@oxlint/darwin-x64": "1.10.0", "@oxlint/linux-arm64-gnu": "1.10.0", "@oxlint/linux-arm64-musl": "1.10.0", "@oxlint/linux-x64-gnu": "1.10.0", "@oxlint/linux-x64-musl": "1.10.0", "@oxlint/win32-arm64": "1.10.0", "@oxlint/win32-x64": "1.10.0" }, "bin": { "oxlint": "bin/oxlint", "oxc_language_server": "bin/oxc_language_server" } }, "sha512-9XVStkXyoOqtYp1dmHWWXzEsqZ1r6puPSQ8x0jE6wX0MWPw5WV5/ecImMAbC7Q35L/5ElHl54s4zvEDgvfuspw=="],

    "tslib": ["tslib@2.8.1", "", {}, "sha512-oJFu94HQb+KVduSUQL7wnpmqnfmLsOA/nAh6b6EH0wCEoK0/mPeXU6c3wKDV83MkOuHPRHtSXKKU99IBazS/2w=="],

    "typescript": ["typescript@5.9.2", "", { "bin": { "tsc": "bin/tsc", "tsserver": "bin/tsserver" } }, "sha512-CWBzXQrc/qOkhidw1OzBTQuYRbfyxDXJMVJ1XNwUHGROVmuaeiEm3OslpZ1RV96d7SKKjZKrSJu3+t/xlw3R9A=="],

    "undici-types": ["undici-types@6.21.0", "", {}, "sha512-iwDZqg0QAGrg9Rav5H4n0M64c3mkR59cJ6wQp+7C4nI0gsmExaedaYLNO44eT4AtBBwjbTiGPMlt2Md0T9H9JQ=="],

    "bun-types/@types/node": ["@types/node@24.2.0", "", { "dependencies": { "undici-types": "~7.10.0" } }, "sha512-3xyG3pMCq3oYCNg7/ZP+E1ooTaGB4cG8JWRsqqOYQdbWNY4zbaV0Ennrd7stjiJEFZCaybcIgpTjJWHRfBSIDw=="],

    "bun-types/@types/node/undici-types": ["undici-types@7.10.0", "", {}, "sha512-t5Fy/nfn+14LuOc2KNYg75vZqClpAiqscVvMygNnlsHBFpSXdJaYtXMcdNLpl/Qvc3P2cB3s6lOV51nqsFq4ag=="],
  }
}
